# This file is autogenerated, do not edit; changes may be undone by the next 'dep ensure'.


[[projects]]
  name = "github.com/codegangsta/cli"
  packages = ["."]
  revision = "e5bef42c62aa7d25aba4880dc02b7624f01e9e19"

[[projects]]
  branch = "master"
  name = "github.com/syndtr/goleveldb"
  packages = ["leveldb/errors","leveldb/storage","leveldb/util"]
  revision = "b89cc31ef7977104127d34c1bd31ebd1a9db2199"

[solve-meta]
  analyzer-name = "dep"
  analyzer-version = 1
  inputs-digest = "84109bb9084b2e4f954b224193f43cb74cac5e3ba0c7121f787676c0c289851a"
  solver-name = "gps-cdcl"
  solver-version = 1
